
Microsoft Visual Studio Solution File, Format Version 12.00
# Visual Studio Version 17
VisualStudioVersion = 17.11.35327.3
MinimumVisualStudioVersion = 10.0.40219.1
Project("{FAE04EC0-301F-11D3-BF4B-00C04F79EFBC}") = "ConsoleApp13", "ConsoleApp13\ConsoleApp13.csproj", "{19DD10DC-953B-4BBE-83A4-DC47C889CD8F}"
EndProject
Global
	GlobalSection(SolutionConfigurationPlatforms) = preSolution
		Debug|Any CPU = Debug|Any CPU
		Release|Any CPU = Release|Any CPU
	EndGlobalSection
	GlobalSection(ProjectConfigurationPlatforms) = postSolution
		{19DD10DC-953B-4BBE-83A4-DC47C889CD8F}.Debug|Any CPU.ActiveCfg = Debug|Any CPU
		{19DD10DC-953B-4BBE-83A4-DC47C889CD8F}.Debug|Any CPU.Build.0 = Debug|Any CPU
		{19DD10DC-953B-4BBE-83A4-DC47C889CD8F}.Release|Any CPU.ActiveCfg = Release|Any CPU
		{19DD10DC-953B-4BBE-83A4-DC47C889CD8F}.Release|Any CPU.Build.0 = Release|Any CPU
	EndGlobalSection
	GlobalSection(SolutionProperties) = preSolution
		HideSolutionNode = FALSE
	EndGlobalSection
	GlobalSection(ExtensibilityGlobals) = postSolution
		SolutionGuid = {33D88871-790A-4A1B-9F37-5DA8A2E22D7E}
	EndGlobalSection
EndGlobal
